
Microsoft Visual Studio Solution File, Format Version 12.00
# Visual Studio Version 17
VisualStudioVersion = 17.1.32210.238
MinimumVisualStudioVersion = 10.0.40219.1
Project("{9A19103F-16F7-4668-BE54-9A1E7A4F7556}") = "DInventory.API", "DInventory.API\DInventory.API.csproj", "{01E27748-21BA-4DD9-B54A-F2AA47C9DF0E}"
EndProject
Project("{2150E333-8FDC-42A3-9474-1A3956D46DE8}") = "DomainCore", "DomainCore", "{937E01CB-B371-40C4-BF41-5DDDF31F92FA}"
EndProject
Project("{9A19103F-16F7-4668-BE54-9A1E7A4F7556}") = "DInventory.Domains", "DomainCore\DInventory.Domains\DInventory.Domains.csproj", "{E9E9B5BB-26DD-4D36-AD41-DC13E1789522}"
EndProject
Global
	GlobalSection(SolutionConfigurationPlatforms) = preSolution
		Debug|Any CPU = Debug|Any CPU
		Release|Any CPU = Release|Any CPU
	EndGlobalSection
	GlobalSection(ProjectConfigurationPlatforms) = postSolution
		{01E27748-21BA-4DD9-B54A-F2AA47C9DF0E}.Debug|Any CPU.ActiveCfg = Debug|Any CPU
		{01E27748-21BA-4DD9-B54A-F2AA47C9DF0E}.Debug|Any CPU.Build.0 = Debug|Any CPU
		{01E27748-21BA-4DD9-B54A-F2AA47C9DF0E}.Release|Any CPU.ActiveCfg = Release|Any CPU
		{01E27748-21BA-4DD9-B54A-F2AA47C9DF0E}.Release|Any CPU.Build.0 = Release|Any CPU
		{E9E9B5BB-26DD-4D36-AD41-DC13E1789522}.Debug|Any CPU.ActiveCfg = Debug|Any CPU
		{E9E9B5BB-26DD-4D36-AD41-DC13E1789522}.Debug|Any CPU.Build.0 = Debug|Any CPU
		{E9E9B5BB-26DD-4D36-AD41-DC13E1789522}.Release|Any CPU.ActiveCfg = Release|Any CPU
		{E9E9B5BB-26DD-4D36-AD41-DC13E1789522}.Release|Any CPU.Build.0 = Release|Any CPU
	EndGlobalSection
	GlobalSection(SolutionProperties) = preSolution
		HideSolutionNode = FALSE
	EndGlobalSection
	GlobalSection(NestedProjects) = preSolution
		{E9E9B5BB-26DD-4D36-AD41-DC13E1789522} = {937E01CB-B371-40C4-BF41-5DDDF31F92FA}
	EndGlobalSection
	GlobalSection(ExtensibilityGlobals) = postSolution
		SolutionGuid = {9A2E7C22-8D87-4C22-9F38-D3556A9B427D}
	EndGlobalSection
EndGlobal
