
Microsoft Visual Studio Solution File, Format Version 12.00
# Visual Studio Version 17
VisualStudioVersion = 17.1.32210.238
MinimumVisualStudioVersion = 10.0.40219.1
Project("{FAE04EC0-301F-11D3-BF4B-00C04F79EFBC}") = "DInventory.API", "DInventory.API\DInventory.API.csproj", "{01E27748-21BA-4DD9-B54A-F2AA47C9DF0E}"
EndProject
Global
	GlobalSection(SolutionConfigurationPlatforms) = preSolution
		Debug|Any CPU = Debug|Any CPU
		Release|Any CPU = Release|Any CPU
	EndGlobalSection
	GlobalSection(ProjectConfigurationPlatforms) = postSolution
		{01E27748-21BA-4DD9-B54A-F2AA47C9DF0E}.Debug|Any CPU.ActiveCfg = Debug|Any CPU
		{01E27748-21BA-4DD9-B54A-F2AA47C9DF0E}.Debug|Any CPU.Build.0 = Debug|Any CPU
		{01E27748-21BA-4DD9-B54A-F2AA47C9DF0E}.Release|Any CPU.ActiveCfg = Release|Any CPU
		{01E27748-21BA-4DD9-B54A-F2AA47C9DF0E}.Release|Any CPU.Build.0 = Release|Any CPU
	EndGlobalSection
	GlobalSection(SolutionProperties) = preSolution
		HideSolutionNode = FALSE
	EndGlobalSection
	GlobalSection(ExtensibilityGlobals) = postSolution
		SolutionGuid = {9A2E7C22-8D87-4C22-9F38-D3556A9B427D}
	EndGlobalSection
EndGlobal
